// !$*UTF8*$!
{
	archiveVersion = 1;
	classes = {
	};
	objectVersion = 46;
	objects = {

/* Begin PBXBuildFile section */
		05D46C621B222B25007F1031 /* AppDelegate.swift in Sources */ = {isa = PBXBuildFile; fileRef = 05D46C611B222B25007F1031 /* AppDelegate.swift */; };
		05D46C651B222B25007F1031 /* SemNome.xcdatamodeld in Sources */ = {isa = PBXBuildFile; fileRef = 05D46C631B222B25007F1031 /* SemNome.xcdatamodeld */; };
		05D46C6A1B222B25007F1031 /* Main.storyboard in Resources */ = {isa = PBXBuildFile; fileRef = 05D46C681B222B25007F1031 /* Main.storyboard */; };
		05D46C6C1B222B25007F1031 /* Images.xcassets in Resources */ = {isa = PBXBuildFile; fileRef = 05D46C6B1B222B25007F1031 /* Images.xcassets */; };
		05D46C6F1B222B25007F1031 /* LaunchScreen.xib in Resources */ = {isa = PBXBuildFile; fileRef = 05D46C6D1B222B25007F1031 /* LaunchScreen.xib */; };
		05D46C7B1B222B25007F1031 /* SemNomeTests.swift in Sources */ = {isa = PBXBuildFile; fileRef = 05D46C7A1B222B25007F1031 /* SemNomeTests.swift */; };
		05DA20041B2236D00000424E /* DisciplinasTableViewController.swift in Sources */ = {isa = PBXBuildFile; fileRef = 05DA20031B2236D00000424E /* DisciplinasTableViewController.swift */; };
		05DA20061B223A6A0000424E /* AvaliacoesTableViewController.swift in Sources */ = {isa = PBXBuildFile; fileRef = 05DA20051B223A6A0000424E /* AvaliacoesTableViewController.swift */; };
		05DA20081B2F30250000424E /* NovaDisciplinaTableViewController.swift in Sources */ = {isa = PBXBuildFile; fileRef = 05DA20071B2F30250000424E /* NovaDisciplinaTableViewController.swift */; };
		05DA200A1B2F362A0000424E /* NovaAvaliacaoTableViewController.swift in Sources */ = {isa = PBXBuildFile; fileRef = 05DA20091B2F362A0000424E /* NovaAvaliacaoTableViewController.swift */; };
		05ED02E61B39D7B5006D25C1 /* LocalNotificationManager.swift in Sources */ = {isa = PBXBuildFile; fileRef = 05ED02E51B39D7B5006D25C1 /* LocalNotificationManager.swift */; };
		05ED02EA1B3AD3A5006D25C1 /* Atividade.swift in Sources */ = {isa = PBXBuildFile; fileRef = 05ED02E91B3AD3A5006D25C1 /* Atividade.swift */; };
		1753B0351B33B20D004EB42A /* Disciplina.swift in Sources */ = {isa = PBXBuildFile; fileRef = 1753B0341B33B20D004EB42A /* Disciplina.swift */; };
		1753B03B1B33DD7F004EB42A /* DetailTableViewController.swift in Sources */ = {isa = PBXBuildFile; fileRef = 1753B03A1B33DD7F004EB42A /* DetailTableViewController.swift */; };
		176BBC061B333AA90097B179 /* AtividadeManager.swift in Sources */ = {isa = PBXBuildFile; fileRef = 176BBC051B333AA90097B179 /* AtividadeManager.swift */; };
		176BBC081B333AB60097B179 /* DisciplinaManager.swift in Sources */ = {isa = PBXBuildFile; fileRef = 176BBC071B333AB60097B179 /* DisciplinaManager.swift */; };
		1772DC001B39C8E4001A97FA /* BoletimTableViewController.swift in Sources */ = {isa = PBXBuildFile; fileRef = 1772DBFF1B39C8E4001A97FA /* BoletimTableViewController.swift */; };
		1772DC021B39D0E0001A97FA /* EditarViewController.swift in Sources */ = {isa = PBXBuildFile; fileRef = 1772DC011B39D0E0001A97FA /* EditarViewController.swift */; };
		179A135C1B33648B0097F577 /* CloudKit.framework in Frameworks */ = {isa = PBXBuildFile; fileRef = 179A135B1B33648B0097F577 /* CloudKit.framework */; };
		179A135F1B3365610097F577 /* CloudKitManager.swift in Sources */ = {isa = PBXBuildFile; fileRef = 179A135E1B3365610097F577 /* CloudKitManager.swift */; };
		179A13611B33658F0097F577 /* DisciplinaCloud.swift in Sources */ = {isa = PBXBuildFile; fileRef = 179A13601B33658F0097F577 /* DisciplinaCloud.swift */; };
		179A13651B33A8680097F577 /* CalendarioTableViewController.swift in Sources */ = {isa = PBXBuildFile; fileRef = 179A13641B33A8680097F577 /* CalendarioTableViewController.swift */; };
/* End PBXBuildFile section */

/* Begin PBXContainerItemProxy section */
		05D46C751B222B25007F1031 /* PBXContainerItemProxy */ = {
			isa = PBXContainerItemProxy;
			containerPortal = 05D46C541B222B24007F1031 /* Project object */;
			proxyType = 1;
			remoteGlobalIDString = 05D46C5B1B222B24007F1031;
			remoteInfo = SemNome;
		};
/* End PBXContainerItemProxy section */

/* Begin PBXFileReference section */
		05D46C5C1B222B25007F1031 /* SemNome.app */ = {isa = PBXFileReference; explicitFileType = wrapper.application; includeInIndex = 0; path = SemNome.app; sourceTree = BUILT_PRODUCTS_DIR; };
		05D46C601B222B25007F1031 /* Info.plist */ = {isa = PBXFileReference; lastKnownFileType = text.plist.xml; path = Info.plist; sourceTree = "<group>"; };
		05D46C611B222B25007F1031 /* AppDelegate.swift */ = {isa = PBXFileReference; lastKnownFileType = sourcecode.swift; path = AppDelegate.swift; sourceTree = "<group>"; };
		05D46C641B222B25007F1031 /* SemNome.xcdatamodel */ = {isa = PBXFileReference; lastKnownFileType = wrapper.xcdatamodel; path = SemNome.xcdatamodel; sourceTree = "<group>"; };
		05D46C691B222B25007F1031 /* Base */ = {isa = PBXFileReference; lastKnownFileType = file.storyboard; name = Base; path = Base.lproj/Main.storyboard; sourceTree = "<group>"; };
		05D46C6B1B222B25007F1031 /* Images.xcassets */ = {isa = PBXFileReference; lastKnownFileType = folder.assetcatalog; path = Images.xcassets; sourceTree = "<group>"; };
		05D46C6E1B222B25007F1031 /* Base */ = {isa = PBXFileReference; lastKnownFileType = file.xib; name = Base; path = Base.lproj/LaunchScreen.xib; sourceTree = "<group>"; };
		05D46C741B222B25007F1031 /* SemNomeTests.xctest */ = {isa = PBXFileReference; explicitFileType = wrapper.cfbundle; includeInIndex = 0; path = SemNomeTests.xctest; sourceTree = BUILT_PRODUCTS_DIR; };
		05D46C791B222B25007F1031 /* Info.plist */ = {isa = PBXFileReference; lastKnownFileType = text.plist.xml; path = Info.plist; sourceTree = "<group>"; };
		05D46C7A1B222B25007F1031 /* SemNomeTests.swift */ = {isa = PBXFileReference; lastKnownFileType = sourcecode.swift; path = SemNomeTests.swift; sourceTree = "<group>"; };
		05DA20031B2236D00000424E /* DisciplinasTableViewController.swift */ = {isa = PBXFileReference; fileEncoding = 4; lastKnownFileType = sourcecode.swift; path = DisciplinasTableViewController.swift; sourceTree = "<group>"; };
		05DA20051B223A6A0000424E /* AvaliacoesTableViewController.swift */ = {isa = PBXFileReference; fileEncoding = 4; lastKnownFileType = sourcecode.swift; path = AvaliacoesTableViewController.swift; sourceTree = "<group>"; };
		05DA20071B2F30250000424E /* NovaDisciplinaTableViewController.swift */ = {isa = PBXFileReference; fileEncoding = 4; lastKnownFileType = sourcecode.swift; path = NovaDisciplinaTableViewController.swift; sourceTree = "<group>"; };
		05DA20091B2F362A0000424E /* NovaAvaliacaoTableViewController.swift */ = {isa = PBXFileReference; fileEncoding = 4; lastKnownFileType = sourcecode.swift; path = NovaAvaliacaoTableViewController.swift; sourceTree = "<group>"; };
		05ED02E51B39D7B5006D25C1 /* LocalNotificationManager.swift */ = {isa = PBXFileReference; fileEncoding = 4; lastKnownFileType = sourcecode.swift; path = LocalNotificationManager.swift; sourceTree = "<group>"; };
		05ED02E91B3AD3A5006D25C1 /* Atividade.swift */ = {isa = PBXFileReference; fileEncoding = 4; lastKnownFileType = sourcecode.swift; name = Atividade.swift; path = ../Atividade.swift; sourceTree = "<group>"; };
		1753B0341B33B20D004EB42A /* Disciplina.swift */ = {isa = PBXFileReference; fileEncoding = 4; lastKnownFileType = sourcecode.swift; path = Disciplina.swift; sourceTree = "<group>"; };
		1753B03A1B33DD7F004EB42A /* DetailTableViewController.swift */ = {isa = PBXFileReference; fileEncoding = 4; lastKnownFileType = sourcecode.swift; path = DetailTableViewController.swift; sourceTree = "<group>"; };
		176BBC051B333AA90097B179 /* AtividadeManager.swift */ = {isa = PBXFileReference; fileEncoding = 4; lastKnownFileType = sourcecode.swift; path = AtividadeManager.swift; sourceTree = "<group>"; };
		176BBC071B333AB60097B179 /* DisciplinaManager.swift */ = {isa = PBXFileReference; fileEncoding = 4; lastKnownFileType = sourcecode.swift; path = DisciplinaManager.swift; sourceTree = "<group>"; };
		1772DBFF1B39C8E4001A97FA /* BoletimTableViewController.swift */ = {isa = PBXFileReference; fileEncoding = 4; lastKnownFileType = sourcecode.swift; path = BoletimTableViewController.swift; sourceTree = "<group>"; };
		1772DC011B39D0E0001A97FA /* EditarViewController.swift */ = {isa = PBXFileReference; fileEncoding = 4; lastKnownFileType = sourcecode.swift; path = EditarViewController.swift; sourceTree = "<group>"; };
		179A135A1B33647A0097F577 /* SemNome.entitlements */ = {isa = PBXFileReference; lastKnownFileType = text.xml; path = SemNome.entitlements; sourceTree = "<group>"; };
		179A135B1B33648B0097F577 /* CloudKit.framework */ = {isa = PBXFileReference; lastKnownFileType = wrapper.framework; name = CloudKit.framework; path = System/Library/Frameworks/CloudKit.framework; sourceTree = SDKROOT; };
		179A135E1B3365610097F577 /* CloudKitManager.swift */ = {isa = PBXFileReference; fileEncoding = 4; lastKnownFileType = sourcecode.swift; path = CloudKitManager.swift; sourceTree = "<group>"; };
		179A13601B33658F0097F577 /* DisciplinaCloud.swift */ = {isa = PBXFileReference; fileEncoding = 4; lastKnownFileType = sourcecode.swift; path = DisciplinaCloud.swift; sourceTree = "<group>"; };
		179A13641B33A8680097F577 /* CalendarioTableViewController.swift */ = {isa = PBXFileReference; fileEncoding = 4; lastKnownFileType = sourcecode.swift; path = CalendarioTableViewController.swift; sourceTree = "<group>"; };
/* End PBXFileReference section */

/* Begin PBXFrameworksBuildPhase section */
		05D46C591B222B24007F1031 /* Frameworks */ = {
			isa = PBXFrameworksBuildPhase;
			buildActionMask = 2147483647;
			files = (
				179A135C1B33648B0097F577 /* CloudKit.framework in Frameworks */,
			);
			runOnlyForDeploymentPostprocessing = 0;
		};
		05D46C711B222B25007F1031 /* Frameworks */ = {
			isa = PBXFrameworksBuildPhase;
			buildActionMask = 2147483647;
			files = (
			);
			runOnlyForDeploymentPostprocessing = 0;
		};
/* End PBXFrameworksBuildPhase section */

/* Begin PBXGroup section */
		05D46C531B222B24007F1031 = {
			isa = PBXGroup;
			children = (
				179A135B1B33648B0097F577 /* CloudKit.framework */,
				05D46C5E1B222B25007F1031 /* SemNome */,
				05D46C771B222B25007F1031 /* SemNomeTests */,
				05D46C5D1B222B25007F1031 /* Products */,
			);
			sourceTree = "<group>";
		};
		05D46C5D1B222B25007F1031 /* Products */ = {
			isa = PBXGroup;
			children = (
				05D46C5C1B222B25007F1031 /* SemNome.app */,
				05D46C741B222B25007F1031 /* SemNomeTests.xctest */,
			);
			name = Products;
			sourceTree = "<group>";
		};
		05D46C5E1B222B25007F1031 /* SemNome */ = {
			isa = PBXGroup;
			children = (
				179A135D1B3365340097F577 /* Cloud */,
				176BBC001B333A3D0097B179 /* Entidades */,
				05DA20031B2236D00000424E /* DisciplinasTableViewController.swift */,
				05DA20071B2F30250000424E /* NovaDisciplinaTableViewController.swift */,
				05DA20051B223A6A0000424E /* AvaliacoesTableViewController.swift */,
				05DA20091B2F362A0000424E /* NovaAvaliacaoTableViewController.swift */,
				1753B03A1B33DD7F004EB42A /* DetailTableViewController.swift */,
				1772DC011B39D0E0001A97FA /* EditarViewController.swift */,
				1772DBFF1B39C8E4001A97FA /* BoletimTableViewController.swift */,
				179A13641B33A8680097F577 /* CalendarioTableViewController.swift */,
				05D46C681B222B25007F1031 /* Main.storyboard */,
				05D46C5F1B222B25007F1031 /* Supporting Files */,
			);
			path = SemNome;
			sourceTree = "<group>";
		};
		05D46C5F1B222B25007F1031 /* Supporting Files */ = {
			isa = PBXGroup;
			children = (
				05D46C611B222B25007F1031 /* AppDelegate.swift */,
				179A135A1B33647A0097F577 /* SemNome.entitlements */,
				05D46C6B1B222B25007F1031 /* Images.xcassets */,
				05D46C6D1B222B25007F1031 /* LaunchScreen.xib */,
				05D46C631B222B25007F1031 /* SemNome.xcdatamodeld */,
				05D46C601B222B25007F1031 /* Info.plist */,
			);
			name = "Supporting Files";
			sourceTree = "<group>";
		};
		05D46C771B222B25007F1031 /* SemNomeTests */ = {
			isa = PBXGroup;
			children = (
				05D46C7A1B222B25007F1031 /* SemNomeTests.swift */,
				05D46C781B222B25007F1031 /* Supporting Files */,
			);
			path = SemNomeTests;
			sourceTree = "<group>";
		};
		05D46C781B222B25007F1031 /* Supporting Files */ = {
			isa = PBXGroup;
			children = (
				05D46C791B222B25007F1031 /* Info.plist */,
			);
			name = "Supporting Files";
			sourceTree = "<group>";
		};
		176BBC001B333A3D0097B179 /* Entidades */ = {
			isa = PBXGroup;
			children = (
				05ED02E91B3AD3A5006D25C1 /* Atividade.swift */,
				1753B0341B33B20D004EB42A /* Disciplina.swift */,
				176BBC051B333AA90097B179 /* AtividadeManager.swift */,
				176BBC071B333AB60097B179 /* DisciplinaManager.swift */,
				05ED02E51B39D7B5006D25C1 /* LocalNotificationManager.swift */,
			);
			name = Entidades;
			sourceTree = "<group>";
		};
		179A135D1B3365340097F577 /* Cloud */ = {
			isa = PBXGroup;
			children = (
				179A135E1B3365610097F577 /* CloudKitManager.swift */,
				179A13601B33658F0097F577 /* DisciplinaCloud.swift */,
			);
			name = Cloud;
			sourceTree = "<group>";
		};
/* End PBXGroup section */

/* Begin PBXNativeTarget section */
		05D46C5B1B222B24007F1031 /* SemNome */ = {
			isa = PBXNativeTarget;
			buildConfigurationList = 05D46C7E1B222B25007F1031 /* Build configuration list for PBXNativeTarget "SemNome" */;
			buildPhases = (
				05D46C581B222B24007F1031 /* Sources */,
				05D46C591B222B24007F1031 /* Frameworks */,
				05D46C5A1B222B24007F1031 /* Resources */,
			);
			buildRules = (
			);
			dependencies = (
			);
			name = SemNome;
			productName = SemNome;
			productReference = 05D46C5C1B222B25007F1031 /* SemNome.app */;
			productType = "com.apple.product-type.application";
		};
		05D46C731B222B25007F1031 /* SemNomeTests */ = {
			isa = PBXNativeTarget;
			buildConfigurationList = 05D46C811B222B25007F1031 /* Build configuration list for PBXNativeTarget "SemNomeTests" */;
			buildPhases = (
				05D46C701B222B25007F1031 /* Sources */,
				05D46C711B222B25007F1031 /* Frameworks */,
				05D46C721B222B25007F1031 /* Resources */,
			);
			buildRules = (
			);
			dependencies = (
				05D46C761B222B25007F1031 /* PBXTargetDependency */,
			);
			name = SemNomeTests;
			productName = SemNomeTests;
			productReference = 05D46C741B222B25007F1031 /* SemNomeTests.xctest */;
			productType = "com.apple.product-type.bundle.unit-test";
		};
/* End PBXNativeTarget section */

/* Begin PBXProject section */
		05D46C541B222B24007F1031 /* Project object */ = {
			isa = PBXProject;
			attributes = {
				LastUpgradeCheck = 0630;
				ORGANIZATIONNAME = "Mariana Alvarez";
				TargetAttributes = {
					05D46C5B1B222B24007F1031 = {
						CreatedOnToolsVersion = 6.3.2;
						DevelopmentTeam = T6LWGN6HAV;
						SystemCapabilities = {
							com.apple.iCloud = {
								enabled = 1;
							};
						};
					};
					05D46C731B222B25007F1031 = {
						CreatedOnToolsVersion = 6.3.2;
						TestTargetID = 05D46C5B1B222B24007F1031;
					};
				};
			};
			buildConfigurationList = 05D46C571B222B24007F1031 /* Build configuration list for PBXProject "SemNome" */;
			compatibilityVersion = "Xcode 3.2";
			developmentRegion = English;
			hasScannedForEncodings = 0;
			knownRegions = (
				en,
				Base,
			);
			mainGroup = 05D46C531B222B24007F1031;
			productRefGroup = 05D46C5D1B222B25007F1031 /* Products */;
			projectDirPath = "";
			projectRoot = "";
			targets = (
				05D46C5B1B222B24007F1031 /* SemNome */,
				05D46C731B222B25007F1031 /* SemNomeTests */,
			);
		};
/* End PBXProject section */

/* Begin PBXResourcesBuildPhase section */
		05D46C5A1B222B24007F1031 /* Resources */ = {
			isa = PBXResourcesBuildPhase;
			buildActionMask = 2147483647;
			files = (
				05D46C6A1B222B25007F1031 /* Main.storyboard in Resources */,
				05D46C6F1B222B25007F1031 /* LaunchScreen.xib in Resources */,
				05D46C6C1B222B25007F1031 /* Images.xcassets in Resources */,
			);
			runOnlyForDeploymentPostprocessing = 0;
		};
		05D46C721B222B25007F1031 /* Resources */ = {
			isa = PBXResourcesBuildPhase;
			buildActionMask = 2147483647;
			files = (
			);
			runOnlyForDeploymentPostprocessing = 0;
		};
/* End PBXResourcesBuildPhase section */

/* Begin PBXSourcesBuildPhase section */
		05D46C581B222B24007F1031 /* Sources */ = {
			isa = PBXSourcesBuildPhase;
			buildActionMask = 2147483647;
			files = (
				05DA200A1B2F362A0000424E /* NovaAvaliacaoTableViewController.swift in Sources */,
				05ED02E61B39D7B5006D25C1 /* LocalNotificationManager.swift in Sources */,
				176BBC061B333AA90097B179 /* AtividadeManager.swift in Sources */,
				179A135F1B3365610097F577 /* CloudKitManager.swift in Sources */,
				05DA20041B2236D00000424E /* DisciplinasTableViewController.swift in Sources */,
				05DA20061B223A6A0000424E /* AvaliacoesTableViewController.swift in Sources */,
				05DA20081B2F30250000424E /* NovaDisciplinaTableViewController.swift in Sources */,
				1753B03B1B33DD7F004EB42A /* DetailTableViewController.swift in Sources */,
				179A13611B33658F0097F577 /* DisciplinaCloud.swift in Sources */,
				05ED02EA1B3AD3A5006D25C1 /* Atividade.swift in Sources */,
				1772DC021B39D0E0001A97FA /* EditarViewController.swift in Sources */,
				05D46C651B222B25007F1031 /* SemNome.xcdatamodeld in Sources */,
				176BBC081B333AB60097B179 /* DisciplinaManager.swift in Sources */,
				1772DC001B39C8E4001A97FA /* BoletimTableViewController.swift in Sources */,
				05D46C621B222B25007F1031 /* AppDelegate.swift in Sources */,
				179A13651B33A8680097F577 /* CalendarioTableViewController.swift in Sources */,
				1753B0351B33B20D004EB42A /* Disciplina.swift in Sources */,
			);
			runOnlyForDeploymentPostprocessing = 0;
		};
		05D46C701B222B25007F1031 /* Sources */ = {
			isa = PBXSourcesBuildPhase;
			buildActionMask = 2147483647;
			files = (
				05D46C7B1B222B25007F1031 /* SemNomeTests.swift in Sources */,
			);
			runOnlyForDeploymentPostprocessing = 0;
		};
/* End PBXSourcesBuildPhase section */

/* Begin PBXTargetDependency section */
		05D46C761B222B25007F1031 /* PBXTargetDependency */ = {
			isa = PBXTargetDependency;
			target = 05D46C5B1B222B24007F1031 /* SemNome */;
			targetProxy = 05D46C751B222B25007F1031 /* PBXContainerItemProxy */;
		};
/* End PBXTargetDependency section */

/* Begin PBXVariantGroup section */
		05D46C681B222B25007F1031 /* Main.storyboard */ = {
			isa = PBXVariantGroup;
			children = (
				05D46C691B222B25007F1031 /* Base */,
			);
			name = Main.storyboard;
			sourceTree = "<group>";
		};
		05D46C6D1B222B25007F1031 /* LaunchScreen.xib */ = {
			isa = PBXVariantGroup;
			children = (
				05D46C6E1B222B25007F1031 /* Base */,
			);
			name = LaunchScreen.xib;
			sourceTree = "<group>";
		};
/* End PBXVariantGroup section */

/* Begin XCBuildConfiguration section */
		05D46C7C1B222B25007F1031 /* Debug */ = {
			isa = XCBuildConfiguration;
			buildSettings = {
				ALWAYS_SEARCH_USER_PATHS = NO;
				CLANG_CXX_LANGUAGE_STANDARD = "gnu++0x";
				CLANG_CXX_LIBRARY = "libc++";
				CLANG_ENABLE_MODULES = YES;
				CLANG_ENABLE_OBJC_ARC = YES;
				CLANG_WARN_BOOL_CONVERSION = YES;
				CLANG_WARN_CONSTANT_CONVERSION = YES;
				CLANG_WARN_DIRECT_OBJC_ISA_USAGE = YES_ERROR;
				CLANG_WARN_EMPTY_BODY = YES;
				CLANG_WARN_ENUM_CONVERSION = YES;
				CLANG_WARN_INT_CONVERSION = YES;
				CLANG_WARN_OBJC_ROOT_CLASS = YES_ERROR;
				CLANG_WARN_UNREACHABLE_CODE = YES;
				CLANG_WARN__DUPLICATE_METHOD_MATCH = YES;
				"CODE_SIGN_IDENTITY[sdk=iphoneos*]" = "iPhone Developer";
				COPY_PHASE_STRIP = NO;
				DEBUG_INFORMATION_FORMAT = "dwarf-with-dsym";
				ENABLE_STRICT_OBJC_MSGSEND = YES;
				GCC_C_LANGUAGE_STANDARD = gnu99;
				GCC_DYNAMIC_NO_PIC = NO;
				GCC_NO_COMMON_BLOCKS = YES;
				GCC_OPTIMIZATION_LEVEL = 0;
				GCC_PREPROCESSOR_DEFINITIONS = (
					"DEBUG=1",
					"$(inherited)",
				);
				GCC_SYMBOLS_PRIVATE_EXTERN = NO;
				GCC_WARN_64_TO_32_BIT_CONVERSION = YES;
				GCC_WARN_ABOUT_RETURN_TYPE = YES_ERROR;
				GCC_WARN_UNDECLARED_SELECTOR = YES;
				GCC_WARN_UNINITIALIZED_AUTOS = YES_AGGRESSIVE;
				GCC_WARN_UNUSED_FUNCTION = YES;
				GCC_WARN_UNUSED_VARIABLE = YES;
				IPHONEOS_DEPLOYMENT_TARGET = 8.3;
				MTL_ENABLE_DEBUG_INFO = YES;
				ONLY_ACTIVE_ARCH = YES;
				SDKROOT = iphoneos;
				SWIFT_OPTIMIZATION_LEVEL = "-Onone";
				TARGETED_DEVICE_FAMILY = "1,2";
			};
			name = Debug;
		};
		05D46C7D1B222B25007F1031 /* Release */ = {
			isa = XCBuildConfiguration;
			buildSettings = {
				ALWAYS_SEARCH_USER_PATHS = NO;
				CLANG_CXX_LANGUAGE_STANDARD = "gnu++0x";
				CLANG_CXX_LIBRARY = "libc++";
				CLANG_ENABLE_MODULES = YES;
				CLANG_ENABLE_OBJC_ARC = YES;
				CLANG_WARN_BOOL_CONVERSION = YES;
				CLANG_WARN_CONSTANT_CONVERSION = YES;
				CLANG_WARN_DIRECT_OBJC_ISA_USAGE = YES_ERROR;
				CLANG_WARN_EMPTY_BODY = YES;
				CLANG_WARN_ENUM_CONVERSION = YES;
				CLANG_WARN_INT_CONVERSION = YES;
				CLANG_WARN_OBJC_ROOT_CLASS = YES_ERROR;
				CLANG_WARN_UNREACHABLE_CODE = YES;
				CLANG_WARN__DUPLICATE_METHOD_MATCH = YES;
				"CODE_SIGN_IDENTITY[sdk=iphoneos*]" = "iPhone Developer";
				COPY_PHASE_STRIP = NO;
				DEBUG_INFORMATION_FORMAT = "dwarf-with-dsym";
				ENABLE_NS_ASSERTIONS = NO;
				ENABLE_STRICT_OBJC_MSGSEND = YES;
				GCC_C_LANGUAGE_STANDARD = gnu99;
				GCC_NO_COMMON_BLOCKS = YES;
				GCC_WARN_64_TO_32_BIT_CONVERSION = YES;
				GCC_WARN_ABOUT_RETURN_TYPE = YES_ERROR;
				GCC_WARN_UNDECLARED_SELECTOR = YES;
				GCC_WARN_UNINITIALIZED_AUTOS = YES_AGGRESSIVE;
				GCC_WARN_UNUSED_FUNCTION = YES;
				GCC_WARN_UNUSED_VARIABLE = YES;
				IPHONEOS_DEPLOYMENT_TARGET = 8.3;
				MTL_ENABLE_DEBUG_INFO = NO;
				SDKROOT = iphoneos;
				TARGETED_DEVICE_FAMILY = "1,2";
				VALIDATE_PRODUCT = YES;
			};
			name = Release;
		};
		05D46C7F1B222B25007F1031 /* Debug */ = {
			isa = XCBuildConfiguration;
			buildSettings = {
				ASSETCATALOG_COMPILER_APPICON_NAME = AppIcon;
				CODE_SIGN_ENTITLEMENTS = SemNome/SemNome.entitlements;
				CODE_SIGN_IDENTITY = "iPhone Developer";
				"CODE_SIGN_IDENTITY[sdk=iphoneos*]" = "iPhone Developer";
				INFOPLIST_FILE = SemNome/Info.plist;
				IPHONEOS_DEPLOYMENT_TARGET = 8.3;
				LD_RUNPATH_SEARCH_PATHS = "$(inherited) @executable_path/Frameworks";
				PRODUCT_NAME = "$(TARGET_NAME)";
				PROVISIONING_PROFILE = "";
			};
			name = Debug;
		};
		05D46C801B222B25007F1031 /* Release */ = {
			isa = XCBuildConfiguration;
			buildSettings = {
				ASSETCATALOG_COMPILER_APPICON_NAME = AppIcon;
				CODE_SIGN_ENTITLEMENTS = SemNome/SemNome.entitlements;
				CODE_SIGN_IDENTITY = "iPhone Developer";
				"CODE_SIGN_IDENTITY[sdk=iphoneos*]" = "iPhone Developer";
				INFOPLIST_FILE = SemNome/Info.plist;
				IPHONEOS_DEPLOYMENT_TARGET = 8.3;
				LD_RUNPATH_SEARCH_PATHS = "$(inherited) @executable_path/Frameworks";
				PRODUCT_NAME = "$(TARGET_NAME)";
				PROVISIONING_PROFILE = "";
			};
			name = Release;
		};
		05D46C821B222B25007F1031 /* Debug */ = {
			isa = XCBuildConfiguration;
			buildSettings = {
				BUNDLE_LOADER = "$(TEST_HOST)";
				FRAMEWORK_SEARCH_PATHS = (
					"$(SDKROOT)/Developer/Library/Frameworks",
					"$(inherited)",
				);
				GCC_PREPROCESSOR_DEFINITIONS = (
					"DEBUG=1",
					"$(inherited)",
				);
				INFOPLIST_FILE = SemNomeTests/Info.plist;
				LD_RUNPATH_SEARCH_PATHS = "$(inherited) @executable_path/Frameworks @loader_path/Frameworks";
				PRODUCT_NAME = "$(TARGET_NAME)";
				TEST_HOST = "$(BUILT_PRODUCTS_DIR)/SemNome.app/SemNome";
			};
			name = Debug;
		};
		05D46C831B222B25007F1031 /* Release */ = {
			isa = XCBuildConfiguration;
			buildSettings = {
				BUNDLE_LOADER = "$(TEST_HOST)";
				FRAMEWORK_SEARCH_PATHS = (
					"$(SDKROOT)/Developer/Library/Frameworks",
					"$(inherited)",
				);
				INFOPLIST_FILE = SemNomeTests/Info.plist;
				LD_RUNPATH_SEARCH_PATHS = "$(inherited) @executable_path/Frameworks @loader_path/Frameworks";
				PRODUCT_NAME = "$(TARGET_NAME)";
				TEST_HOST = "$(BUILT_PRODUCTS_DIR)/SemNome.app/SemNome";
			};
			name = Release;
		};
/* End XCBuildConfiguration section */

/* Begin XCConfigurationList section */
		05D46C571B222B24007F1031 /* Build configuration list for PBXProject "SemNome" */ = {
			isa = XCConfigurationList;
			buildConfigurations = (
				05D46C7C1B222B25007F1031 /* Debug */,
				05D46C7D1B222B25007F1031 /* Release */,
			);
			defaultConfigurationIsVisible = 0;
			defaultConfigurationName = Release;
		};
		05D46C7E1B222B25007F1031 /* Build configuration list for PBXNativeTarget "SemNome" */ = {
			isa = XCConfigurationList;
			buildConfigurations = (
				05D46C7F1B222B25007F1031 /* Debug */,
				05D46C801B222B25007F1031 /* Release */,
			);
			defaultConfigurationIsVisible = 0;
			defaultConfigurationName = Release;
		};
		05D46C811B222B25007F1031 /* Build configuration list for PBXNativeTarget "SemNomeTests" */ = {
			isa = XCConfigurationList;
			buildConfigurations = (
				05D46C821B222B25007F1031 /* Debug */,
				05D46C831B222B25007F1031 /* Release */,
			);
			defaultConfigurationIsVisible = 0;
			defaultConfigurationName = Release;
		};
/* End XCConfigurationList section */

/* Begin XCVersionGroup section */
		05D46C631B222B25007F1031 /* SemNome.xcdatamodeld */ = {
			isa = XCVersionGroup;
			children = (
				05D46C641B222B25007F1031 /* SemNome.xcdatamodel */,
			);
			currentVersion = 05D46C641B222B25007F1031 /* SemNome.xcdatamodel */;
			path = SemNome.xcdatamodeld;
			sourceTree = "<group>";
			versionGroupType = wrapper.xcdatamodel;
		};
/* End XCVersionGroup section */
	};
	rootObject = 05D46C541B222B24007F1031 /* Project object */;
}
